{
  "name": "macro-pad-rewrite",
  "version": "1.0.0",
  "lockfileVersion": 2,
  "requires": true,
  "packages": {
    "": {
      "name": "macro-pad-rewrite",
      "version": "1.0.0",
      "license": "ISC",
      "dependencies": {
        "@types/argparse": "^2.0.10",
        "@types/dotenv": "^8.2.0",
        "@types/node": "^16.11.13",
        "argparse": "^2.0.1",
        "child_process": "^1.0.2",
        "dotenv": "^10.0.0",
        "fs": "^0.0.1-security",
        "node": "^17.2.0",
        "tsc": "^2.0.3",
        "typescript": "^4.5.4",
        "typescript-require": "^0.3.0"
      }
    },
    "node_modules/@types/argparse": {
      "version": "2.0.10",
      "resolved": "https://registry.npmjs.org/@types/argparse/-/argparse-2.0.10.tgz",
      "integrity": "sha512-C4wahC3gz3vQtvPazrJ5ONwmK1zSDllQboiWvpMM/iOswCYfBREFnjFbq/iWKIVOCl8+m5Pk6eva6/ZSsDuIGA=="
    },
    "node_modules/@types/dotenv": {
      "version": "8.2.0",
      "resolved": "https://registry.npmjs.org/@types/dotenv/-/dotenv-8.2.0.tgz",
      "integrity": "sha512-ylSC9GhfRH7m1EUXBXofhgx4lUWmFeQDINW5oLuS+gxWdfUeW4zJdeVTYVkexEW+e2VUvlZR2kGnGGipAWR7kw==",
      "deprecated": "This is a stub types definition. dotenv provides its own type definitions, so you do not need this installed.",
      "dependencies": {
        "dotenv": "*"
      }
    },
    "node_modules/@types/node": {
      "version": "16.11.13",
      "resolved": "https://registry.npmjs.org/@types/node/-/node-16.11.13.tgz",
      "integrity": "sha512-eUXZzHLHoZqj1frtUetNkUetYoJ6X55UmrVnFD4DMhVeAmwLjniZhtBmsRiemQh4uq4G3vUra/Ws/hs9vEvL3Q=="
    },
    "node_modules/argparse": {
      "version": "2.0.1",
      "resolved": "https://registry.npmjs.org/argparse/-/argparse-2.0.1.tgz",
      "integrity": "sha512-8+9WqebbFzpX9OR+Wa6O29asIogeRMzcGtAINdpMHHyAg10f05aSFVBbcEqGf/PXw1EjAZ+q2/bEBg3DvurK3Q=="
    },
    "node_modules/child_process": {
      "version": "1.0.2",
      "resolved": "https://registry.npmjs.org/child_process/-/child_process-1.0.2.tgz",
      "integrity": "sha1-sffn/HPSXn/R1FWtyU4UODAYK1o="
    },
    "node_modules/dotenv": {
      "version": "10.0.0",
      "resolved": "https://registry.npmjs.org/dotenv/-/dotenv-10.0.0.tgz",
      "integrity": "sha512-rlBi9d8jpv9Sf1klPjNfFAuWDjKLwTIJJ/VxtoTwIR6hnZxcEOQCZg2oIL3MWBYw5GpUDKOEnND7LXTbIpQ03Q==",
      "engines": {
        "node": ">=10"
      }
    },
    "node_modules/fs": {
      "version": "0.0.1-security",
      "resolved": "https://registry.npmjs.org/fs/-/fs-0.0.1-security.tgz",
      "integrity": "sha1-invTcYa23d84E/I4WLV+yq9eQdQ="
    },
    "node_modules/node": {
      "version": "17.2.0",
      "resolved": "https://registry.npmjs.org/node/-/node-17.2.0.tgz",
      "integrity": "sha512-DPS9prUcMq7sK1nfiVEEHPeiJFz5UZuzdz+oq9rsb1v/Zj9Q/JPguI9kgozDLxiJC0yIM+C3+UDVss+8sr3O5Q==",
      "hasInstallScript": true,
      "dependencies": {
        "node-bin-setup": "^1.0.0"
      },
      "bin": {
        "node": "bin/node"
      },
      "engines": {
        "npm": ">=5.0.0"
      }
    },
    "node_modules/node-bin-setup": {
      "version": "1.0.6",
      "resolved": "https://registry.npmjs.org/node-bin-setup/-/node-bin-setup-1.0.6.tgz",
      "integrity": "sha512-uPIxXNis1CRbv1DwqAxkgBk5NFV3s7cMN/Gf556jSw6jBvV7ca4F9lRL/8cALcZecRibeqU+5dFYqFFmzv5a0Q=="
    },
    "node_modules/tsc": {
      "version": "2.0.3",
      "resolved": "https://registry.npmjs.org/tsc/-/tsc-2.0.3.tgz",
      "integrity": "sha512-SN+9zBUtrpUcOpaUO7GjkEHgWtf22c7FKbKCA4e858eEM7Qz86rRDpgOU2lBIDf0fLCsEg65ms899UMUIB2+Ow==",
      "bin": {
        "tsc": "bin/tsc"
      }
    },
    "node_modules/typescript": {
      "version": "4.5.4",
      "resolved": "https://registry.npmjs.org/typescript/-/typescript-4.5.4.tgz",
      "integrity": "sha512-VgYs2A2QIRuGphtzFV7aQJduJ2gyfTljngLzjpfW9FoYZF6xuw1W0vW9ghCKLfcWrCFxK81CSGRAvS1pn4fIUg==",
      "bin": {
        "tsc": "bin/tsc",
        "tsserver": "bin/tsserver"
      },
      "engines": {
        "node": ">=4.2.0"
      }
    },
    "node_modules/typescript-require": {
      "version": "0.3.0",
      "resolved": "https://registry.npmjs.org/typescript-require/-/typescript-require-0.3.0.tgz",
      "integrity": "sha512-mWHox/6LkZFeQyC0eXQFGbc8XZCZqSulyi5KUNfbJJIpFJnYBnJO9RELlGt9rFlCtfauxou+JcOMqeisBws92A==",
      "dependencies": {
        "@types/node": "^14.0.23",
        "typescript": "^3.9.6"
      },
      "engines": {
        "node": "*"
      }
    },
    "node_modules/typescript-require/node_modules/@types/node": {
      "version": "14.18.0",
      "resolved": "https://registry.npmjs.org/@types/node/-/node-14.18.0.tgz",
      "integrity": "sha512-0GeIl2kmVMXEnx8tg1SlG6Gg8vkqirrW752KqolYo1PHevhhZN3bhJ67qHj+bQaINhX0Ra3TlWwRvMCd9iEfNQ=="
    },
    "node_modules/typescript-require/node_modules/typescript": {
      "version": "3.9.10",
      "resolved": "https://registry.npmjs.org/typescript/-/typescript-3.9.10.tgz",
      "integrity": "sha512-w6fIxVE/H1PkLKcCPsFqKE7Kv7QUwhU8qQY2MueZXWx5cPZdwFupLgKK3vntcK98BtNHZtAF4LA/yl2a7k8R6Q==",
      "bin": {
        "tsc": "bin/tsc",
        "tsserver": "bin/tsserver"
      },
      "engines": {
        "node": ">=4.2.0"
      }
    }
  },
  "dependencies": {
    "@types/argparse": {
      "version": "2.0.10",
      "resolved": "https://registry.npmjs.org/@types/argparse/-/argparse-2.0.10.tgz",
      "integrity": "sha512-C4wahC3gz3vQtvPazrJ5ONwmK1zSDllQboiWvpMM/iOswCYfBREFnjFbq/iWKIVOCl8+m5Pk6eva6/ZSsDuIGA=="
    },
    "@types/dotenv": {
      "version": "8.2.0",
      "resolved": "https://registry.npmjs.org/@types/dotenv/-/dotenv-8.2.0.tgz",
      "integrity": "sha512-ylSC9GhfRH7m1EUXBXofhgx4lUWmFeQDINW5oLuS+gxWdfUeW4zJdeVTYVkexEW+e2VUvlZR2kGnGGipAWR7kw==",
      "requires": {
        "dotenv": "*"
      }
    },
    "@types/node": {
      "version": "16.11.13",
      "resolved": "https://registry.npmjs.org/@types/node/-/node-16.11.13.tgz",
      "integrity": "sha512-eUXZzHLHoZqj1frtUetNkUetYoJ6X55UmrVnFD4DMhVeAmwLjniZhtBmsRiemQh4uq4G3vUra/Ws/hs9vEvL3Q=="
    },
    "argparse": {
      "version": "2.0.1",
      "resolved": "https://registry.npmjs.org/argparse/-/argparse-2.0.1.tgz",
      "integrity": "sha512-8+9WqebbFzpX9OR+Wa6O29asIogeRMzcGtAINdpMHHyAg10f05aSFVBbcEqGf/PXw1EjAZ+q2/bEBg3DvurK3Q=="
    },
    "child_process": {
      "version": "1.0.2",
      "resolved": "https://registry.npmjs.org/child_process/-/child_process-1.0.2.tgz",
      "integrity": "sha1-sffn/HPSXn/R1FWtyU4UODAYK1o="
    },
    "dotenv": {
      "version": "10.0.0",
      "resolved": "https://registry.npmjs.org/dotenv/-/dotenv-10.0.0.tgz",
      "integrity": "sha512-rlBi9d8jpv9Sf1klPjNfFAuWDjKLwTIJJ/VxtoTwIR6hnZxcEOQCZg2oIL3MWBYw5GpUDKOEnND7LXTbIpQ03Q=="
    },
    "fs": {
      "version": "0.0.1-security",
      "resolved": "https://registry.npmjs.org/fs/-/fs-0.0.1-security.tgz",
      "integrity": "sha1-invTcYa23d84E/I4WLV+yq9eQdQ="
    },
    "node": {
      "version": "17.2.0",
      "resolved": "https://registry.npmjs.org/node/-/node-17.2.0.tgz",
      "integrity": "sha512-DPS9prUcMq7sK1nfiVEEHPeiJFz5UZuzdz+oq9rsb1v/Zj9Q/JPguI9kgozDLxiJC0yIM+C3+UDVss+8sr3O5Q==",
      "requires": {
        "node-bin-setup": "^1.0.0"
      }
    },
    "node-bin-setup": {
      "version": "1.0.6",
      "resolved": "https://registry.npmjs.org/node-bin-setup/-/node-bin-setup-1.0.6.tgz",
      "integrity": "sha512-uPIxXNis1CRbv1DwqAxkgBk5NFV3s7cMN/Gf556jSw6jBvV7ca4F9lRL/8cALcZecRibeqU+5dFYqFFmzv5a0Q=="
    },
    "tsc": {
      "version": "2.0.3",
      "resolved": "https://registry.npmjs.org/tsc/-/tsc-2.0.3.tgz",
      "integrity": "sha512-SN+9zBUtrpUcOpaUO7GjkEHgWtf22c7FKbKCA4e858eEM7Qz86rRDpgOU2lBIDf0fLCsEg65ms899UMUIB2+Ow=="
    },
    "typescript": {
      "version": "4.5.4",
      "resolved": "https://registry.npmjs.org/typescript/-/typescript-4.5.4.tgz",
      "integrity": "sha512-VgYs2A2QIRuGphtzFV7aQJduJ2gyfTljngLzjpfW9FoYZF6xuw1W0vW9ghCKLfcWrCFxK81CSGRAvS1pn4fIUg=="
    },
    "typescript-require": {
      "version": "0.3.0",
      "resolved": "https://registry.npmjs.org/typescript-require/-/typescript-require-0.3.0.tgz",
      "integrity": "sha512-mWHox/6LkZFeQyC0eXQFGbc8XZCZqSulyi5KUNfbJJIpFJnYBnJO9RELlGt9rFlCtfauxou+JcOMqeisBws92A==",
      "requires": {
        "@types/node": "^14.0.23",
        "typescript": "^3.9.6"
      },
      "dependencies": {
        "@types/node": {
          "version": "14.18.0",
          "resolved": "https://registry.npmjs.org/@types/node/-/node-14.18.0.tgz",
          "integrity": "sha512-0GeIl2kmVMXEnx8tg1SlG6Gg8vkqirrW752KqolYo1PHevhhZN3bhJ67qHj+bQaINhX0Ra3TlWwRvMCd9iEfNQ=="
        },
        "typescript": {
          "version": "3.9.10",
          "resolved": "https://registry.npmjs.org/typescript/-/typescript-3.9.10.tgz",
          "integrity": "sha512-w6fIxVE/H1PkLKcCPsFqKE7Kv7QUwhU8qQY2MueZXWx5cPZdwFupLgKK3vntcK98BtNHZtAF4LA/yl2a7k8R6Q=="
        }
      }
    }
  }
}
